// !$*UTF8*$!
{
	archiveVersion = 1;
	classes = {
	};
	objectVersion = 51;
	objects = {

/* Begin PBXBuildFile section */
		0507B36A2608F40900714751 /* PageViewController.swift in Sources */ = {isa = PBXBuildFile; fileRef = 0507B3692608F40900714751 /* PageViewController.swift */; };
		0507B37926092ADF00714751 /* WeatherDetail.swift in Sources */ = {isa = PBXBuildFile; fileRef = 0507B37826092ADF00714751 /* WeatherDetail.swift */; };
		0539A8722604364D00E0F326 /* LocationDetailViewController.swift in Sources */ = {isa = PBXBuildFile; fileRef = 0539A8712604364D00E0F326 /* LocationDetailViewController.swift */; };
		054848DE260527E000B04A60 /* APIkeys.swift in Sources */ = {isa = PBXBuildFile; fileRef = 054848DD260527E000B04A60 /* APIkeys.swift */; };
		055679222600EA9A008DB455 /* AppDelegate.swift in Sources */ = {isa = PBXBuildFile; fileRef = 055679212600EA9A008DB455 /* AppDelegate.swift */; };
		055679242600EA9A008DB455 /* SceneDelegate.swift in Sources */ = {isa = PBXBuildFile; fileRef = 055679232600EA9A008DB455 /* SceneDelegate.swift */; };
		055679262600EA9A008DB455 /* LocationListViewController.swift in Sources */ = {isa = PBXBuildFile; fileRef = 055679252600EA9A008DB455 /* LocationListViewController.swift */; };
		055679292600EA9B008DB455 /* Main.storyboard in Resources */ = {isa = PBXBuildFile; fileRef = 055679272600EA9B008DB455 /* Main.storyboard */; };
		0556792B2600EA9D008DB455 /* Assets.xcassets in Resources */ = {isa = PBXBuildFile; fileRef = 0556792A2600EA9D008DB455 /* Assets.xcassets */; };
		0556792E2600EA9D008DB455 /* LaunchScreen.storyboard in Resources */ = {isa = PBXBuildFile; fileRef = 0556792C2600EA9D008DB455 /* LaunchScreen.storyboard */; };
		055679372600EAB6008DB455 /* WeatherLocation.swift in Sources */ = {isa = PBXBuildFile; fileRef = 055679362600EAB6008DB455 /* WeatherLocation.swift */; };
		0577C3C526122A5E0076ABC0 /* DailyTableViewCell.swift in Sources */ = {isa = PBXBuildFile; fileRef = 0577C3C426122A5E0076ABC0 /* DailyTableViewCell.swift */; };
		0577C3C8261236740076ABC0 /* HourlyCollectionViewCell.swift in Sources */ = {isa = PBXBuildFile; fileRef = 0577C3C7261236740076ABC0 /* HourlyCollectionViewCell.swift */; };
		80AAA86981447F5315586075 /* libPods-WeatherGift.a in Frameworks */ = {isa = PBXBuildFile; fileRef = A4C6B4F8414CDB87E8E2A0CA /* libPods-WeatherGift.a */; };
/* End PBXBuildFile section */

/* Begin PBXFileReference section */
		048A47DF87E16FD9F0F5B6B7 /* Pods-WeatherGift.release.xcconfig */ = {isa = PBXFileReference; includeInIndex = 1; lastKnownFileType = text.xcconfig; name = "Pods-WeatherGift.release.xcconfig"; path = "Target Support Files/Pods-WeatherGift/Pods-WeatherGift.release.xcconfig"; sourceTree = "<group>"; };
		0507B3692608F40900714751 /* PageViewController.swift */ = {isa = PBXFileReference; lastKnownFileType = sourcecode.swift; path = PageViewController.swift; sourceTree = "<group>"; };
		0507B37826092ADF00714751 /* WeatherDetail.swift */ = {isa = PBXFileReference; lastKnownFileType = sourcecode.swift; path = WeatherDetail.swift; sourceTree = "<group>"; };
		0539A8712604364D00E0F326 /* LocationDetailViewController.swift */ = {isa = PBXFileReference; lastKnownFileType = sourcecode.swift; path = LocationDetailViewController.swift; sourceTree = "<group>"; };
		054848DD260527E000B04A60 /* APIkeys.swift */ = {isa = PBXFileReference; lastKnownFileType = sourcecode.swift; path = APIkeys.swift; sourceTree = "<group>"; };
		0556791E2600EA9A008DB455 /* WeatherGift.app */ = {isa = PBXFileReference; explicitFileType = wrapper.application; includeInIndex = 0; path = WeatherGift.app; sourceTree = BUILT_PRODUCTS_DIR; };
		055679212600EA9A008DB455 /* AppDelegate.swift */ = {isa = PBXFileReference; lastKnownFileType = sourcecode.swift; path = AppDelegate.swift; sourceTree = "<group>"; };
		055679232600EA9A008DB455 /* SceneDelegate.swift */ = {isa = PBXFileReference; lastKnownFileType = sourcecode.swift; path = SceneDelegate.swift; sourceTree = "<group>"; };
		055679252600EA9A008DB455 /* LocationListViewController.swift */ = {isa = PBXFileReference; lastKnownFileType = sourcecode.swift; path = LocationListViewController.swift; sourceTree = "<group>"; };
		055679282600EA9B008DB455 /* Base */ = {isa = PBXFileReference; lastKnownFileType = file.storyboard; name = Base; path = Base.lproj/Main.storyboard; sourceTree = "<group>"; };
		0556792A2600EA9D008DB455 /* Assets.xcassets */ = {isa = PBXFileReference; lastKnownFileType = folder.assetcatalog; path = Assets.xcassets; sourceTree = "<group>"; };
		0556792D2600EA9D008DB455 /* Base */ = {isa = PBXFileReference; lastKnownFileType = file.storyboard; name = Base; path = Base.lproj/LaunchScreen.storyboard; sourceTree = "<group>"; };
		0556792F2600EA9D008DB455 /* Info.plist */ = {isa = PBXFileReference; lastKnownFileType = text.plist.xml; path = Info.plist; sourceTree = "<group>"; };
		055679362600EAB6008DB455 /* WeatherLocation.swift */ = {isa = PBXFileReference; lastKnownFileType = sourcecode.swift; path = WeatherLocation.swift; sourceTree = "<group>"; };
		0577C3C426122A5E0076ABC0 /* DailyTableViewCell.swift */ = {isa = PBXFileReference; lastKnownFileType = sourcecode.swift; path = DailyTableViewCell.swift; sourceTree = "<group>"; };
		0577C3C7261236740076ABC0 /* HourlyCollectionViewCell.swift */ = {isa = PBXFileReference; lastKnownFileType = sourcecode.swift; path = HourlyCollectionViewCell.swift; sourceTree = "<group>"; };
		A4C6B4F8414CDB87E8E2A0CA /* libPods-WeatherGift.a */ = {isa = PBXFileReference; explicitFileType = archive.ar; includeInIndex = 0; path = "libPods-WeatherGift.a"; sourceTree = BUILT_PRODUCTS_DIR; };
		E987A4F34E14368148337974 /* Pods-WeatherGift.debug.xcconfig */ = {isa = PBXFileReference; includeInIndex = 1; lastKnownFileType = text.xcconfig; name = "Pods-WeatherGift.debug.xcconfig"; path = "Target Support Files/Pods-WeatherGift/Pods-WeatherGift.debug.xcconfig"; sourceTree = "<group>"; };
/* End PBXFileReference section */

/* Begin PBXFrameworksBuildPhase section */
		0556791B2600EA9A008DB455 /* Frameworks */ = {
			isa = PBXFrameworksBuildPhase;
			buildActionMask = 2147483647;
			files = (
				80AAA86981447F5315586075 /* libPods-WeatherGift.a in Frameworks */,
			);
			runOnlyForDeploymentPostprocessing = 0;
		};
/* End PBXFrameworksBuildPhase section */

/* Begin PBXGroup section */
		055679152600EA9A008DB455 = {
			isa = PBXGroup;
			children = (
				055679202600EA9A008DB455 /* WeatherGift */,
				0556791F2600EA9A008DB455 /* Products */,
				9CB1065D158E6F02888B0CAB /* Pods */,
				C50997B8352EEA10957D3338 /* Frameworks */,
			);
			sourceTree = "<group>";
		};
		0556791F2600EA9A008DB455 /* Products */ = {
			isa = PBXGroup;
			children = (
				0556791E2600EA9A008DB455 /* WeatherGift.app */,
			);
			name = Products;
			sourceTree = "<group>";
		};
		055679202600EA9A008DB455 /* WeatherGift */ = {
			isa = PBXGroup;
			children = (
				055679212600EA9A008DB455 /* AppDelegate.swift */,
				055679232600EA9A008DB455 /* SceneDelegate.swift */,
				055679362600EAB6008DB455 /* WeatherLocation.swift */,
				0507B37826092ADF00714751 /* WeatherDetail.swift */,
				0507B3692608F40900714751 /* PageViewController.swift */,
				0539A8712604364D00E0F326 /* LocationDetailViewController.swift */,
				055679252600EA9A008DB455 /* LocationListViewController.swift */,
				0577C3C426122A5E0076ABC0 /* DailyTableViewCell.swift */,
				0577C3C7261236740076ABC0 /* HourlyCollectionViewCell.swift */,
				055679272600EA9B008DB455 /* Main.storyboard */,
				0556792A2600EA9D008DB455 /* Assets.xcassets */,
				0556792C2600EA9D008DB455 /* LaunchScreen.storyboard */,
				0556792F2600EA9D008DB455 /* Info.plist */,
				054848DD260527E000B04A60 /* APIkeys.swift */,
			);
			path = WeatherGift;
			sourceTree = "<group>";
		};
		9CB1065D158E6F02888B0CAB /* Pods */ = {
			isa = PBXGroup;
			children = (
				E987A4F34E14368148337974 /* Pods-WeatherGift.debug.xcconfig */,
				048A47DF87E16FD9F0F5B6B7 /* Pods-WeatherGift.release.xcconfig */,
			);
			path = Pods;
			sourceTree = "<group>";
		};
		C50997B8352EEA10957D3338 /* Frameworks */ = {
			isa = PBXGroup;
			children = (
				A4C6B4F8414CDB87E8E2A0CA /* libPods-WeatherGift.a */,
			);
			name = Frameworks;
			sourceTree = "<group>";
		};
/* End PBXGroup section */

/* Begin PBXNativeTarget section */
		0556791D2600EA9A008DB455 /* WeatherGift */ = {
			isa = PBXNativeTarget;
			buildConfigurationList = 055679322600EA9D008DB455 /* Build configuration list for PBXNativeTarget "WeatherGift" */;
			buildPhases = (
				1D1921B35DCBE26A8FDC456C /* [CP] Check Pods Manifest.lock */,
				0556791A2600EA9A008DB455 /* Sources */,
				0556791B2600EA9A008DB455 /* Frameworks */,
				0556791C2600EA9A008DB455 /* Resources */,
				9C531B6540BD31A52AE3E38C /* [CP] Copy Pods Resources */,
			);
			buildRules = (
			);
			dependencies = (
			);
			name = WeatherGift;
			productName = WeatherGift;
			productReference = 0556791E2600EA9A008DB455 /* WeatherGift.app */;
			productType = "com.apple.product-type.application";
		};
/* End PBXNativeTarget section */

/* Begin PBXProject section */
		055679162600EA9A008DB455 /* Project object */ = {
			isa = PBXProject;
			attributes = {
				LastSwiftUpdateCheck = 1240;
				LastUpgradeCheck = 1240;
				TargetAttributes = {
					0556791D2600EA9A008DB455 = {
						CreatedOnToolsVersion = 12.4;
					};
				};
			};
			buildConfigurationList = 055679192600EA9A008DB455 /* Build configuration list for PBXProject "WeatherGift" */;
			compatibilityVersion = "Xcode 9.3";
			developmentRegion = en;
			hasScannedForEncodings = 0;
			knownRegions = (
				en,
				Base,
			);
			mainGroup = 055679152600EA9A008DB455;
			productRefGroup = 0556791F2600EA9A008DB455 /* Products */;
			projectDirPath = "";
			projectRoot = "";
			targets = (
				0556791D2600EA9A008DB455 /* WeatherGift */,
			);
		};
/* End PBXProject section */

/* Begin PBXResourcesBuildPhase section */
		0556791C2600EA9A008DB455 /* Resources */ = {
			isa = PBXResourcesBuildPhase;
			buildActionMask = 2147483647;
			files = (
				0556792E2600EA9D008DB455 /* LaunchScreen.storyboard in Resources */,
				0556792B2600EA9D008DB455 /* Assets.xcassets in Resources */,
				055679292600EA9B008DB455 /* Main.storyboard in Resources */,
			);
			runOnlyForDeploymentPostprocessing = 0;
		};
/* End PBXResourcesBuildPhase section */

/* Begin PBXShellScriptBuildPhase section */
		1D1921B35DCBE26A8FDC456C /* [CP] Check Pods Manifest.lock */ = {
			isa = PBXShellScriptBuildPhase;
			buildActionMask = 2147483647;
			files = (
			);
			inputFileListPaths = (
			);
			inputPaths = (
				"${PODS_PODFILE_DIR_PATH}/Podfile.lock",
				"${PODS_ROOT}/Manifest.lock",
			);
			name = "[CP] Check Pods Manifest.lock";
			outputFileListPaths = (
			);
			outputPaths = (
				"$(DERIVED_FILE_DIR)/Pods-WeatherGift-checkManifestLockResult.txt",
			);
			runOnlyForDeploymentPostprocessing = 0;
			shellPath = /bin/sh;
			shellScript = "diff \"${PODS_PODFILE_DIR_PATH}/Podfile.lock\" \"${PODS_ROOT}/Manifest.lock\" > /dev/null\nif [ $? != 0 ] ; then\n    # print error to STDERR\n    echo \"error: The sandbox is not in sync with the Podfile.lock. Run 'pod install' or update your CocoaPods installation.\" >&2\n    exit 1\nfi\n# This output is used by Xcode 'outputs' to avoid re-running this script phase.\necho \"SUCCESS\" > \"${SCRIPT_OUTPUT_FILE_0}\"\n";
			showEnvVarsInLog = 0;
		};
		9C531B6540BD31A52AE3E38C /* [CP] Copy Pods Resources */ = {
			isa = PBXShellScriptBuildPhase;
			buildActionMask = 2147483647;
			files = (
			);
			inputFileListPaths = (
				"${PODS_ROOT}/Target Support Files/Pods-WeatherGift/Pods-WeatherGift-resources-${CONFIGURATION}-input-files.xcfilelist",
			);
			name = "[CP] Copy Pods Resources";
			outputFileListPaths = (
				"${PODS_ROOT}/Target Support Files/Pods-WeatherGift/Pods-WeatherGift-resources-${CONFIGURATION}-output-files.xcfilelist",
			);
			runOnlyForDeploymentPostprocessing = 0;
			shellPath = /bin/sh;
			shellScript = "\"${PODS_ROOT}/Target Support Files/Pods-WeatherGift/Pods-WeatherGift-resources.sh\"\n";
			showEnvVarsInLog = 0;
		};
/* End PBXShellScriptBuildPhase section */

/* Begin PBXSourcesBuildPhase section */
		0556791A2600EA9A008DB455 /* Sources */ = {
			isa = PBXSourcesBuildPhase;
			buildActionMask = 2147483647;
			files = (
				0577C3C526122A5E0076ABC0 /* DailyTableViewCell.swift in Sources */,
				054848DE260527E000B04A60 /* APIkeys.swift in Sources */,
				0507B37926092ADF00714751 /* WeatherDetail.swift in Sources */,
				0507B36A2608F40900714751 /* PageViewController.swift in Sources */,
				055679262600EA9A008DB455 /* LocationListViewController.swift in Sources */,
				055679372600EAB6008DB455 /* WeatherLocation.swift in Sources */,
				055679222600EA9A008DB455 /* AppDelegate.swift in Sources */,
				0539A8722604364D00E0F326 /* LocationDetailViewController.swift in Sources */,
				055679242600EA9A008DB455 /* SceneDelegate.swift in Sources */,
				0577C3C8261236740076ABC0 /* HourlyCollectionViewCell.swift in Sources */,
			);
			runOnlyForDeploymentPostprocessing = 0;
		};
/* End PBXSourcesBuildPhase section */

/* Begin PBXVariantGroup section */
		055679272600EA9B008DB455 /* Main.storyboard */ = {
			isa = PBXVariantGroup;
			children = (
				055679282600EA9B008DB455 /* Base */,
			);
			name = Main.storyboard;
			sourceTree = "<group>";
		};
		0556792C2600EA9D008DB455 /* LaunchScreen.storyboard */ = {
			isa = PBXVariantGroup;
			children = (
				0556792D2600EA9D008DB455 /* Base */,
			);
			name = LaunchScreen.storyboard;
			sourceTree = "<group>";
		};
/* End PBXVariantGroup section */

/* Begin XCBuildConfiguration section */
		055679302600EA9D008DB455 /* Debug */ = {
			isa = XCBuildConfiguration;
			buildSettings = {
				ALWAYS_SEARCH_USER_PATHS = NO;
				CLANG_ANALYZER_NONNULL = YES;
				CLANG_ANALYZER_NUMBER_OBJECT_CONVERSION = YES_AGGRESSIVE;
				CLANG_CXX_LANGUAGE_STANDARD = "gnu++14";
				CLANG_CXX_LIBRARY = "libc++";
				CLANG_ENABLE_MODULES = YES;
				CLANG_ENABLE_OBJC_ARC = YES;
				CLANG_ENABLE_OBJC_WEAK = YES;
				CLANG_WARN_BLOCK_CAPTURE_AUTORELEASING = YES;
				CLANG_WARN_BOOL_CONVERSION = YES;
				CLANG_WARN_COMMA = YES;
				CLANG_WARN_CONSTANT_CONVERSION = YES;
				CLANG_WARN_DEPRECATED_OBJC_IMPLEMENTATIONS = YES;
				CLANG_WARN_DIRECT_OBJC_ISA_USAGE = YES_ERROR;
				CLANG_WARN_DOCUMENTATION_COMMENTS = YES;
				CLANG_WARN_EMPTY_BODY = YES;
				CLANG_WARN_ENUM_CONVERSION = YES;
				CLANG_WARN_INFINITE_RECURSION = YES;
				CLANG_WARN_INT_CONVERSION = YES;
				CLANG_WARN_NON_LITERAL_NULL_CONVERSION = YES;
				CLANG_WARN_OBJC_IMPLICIT_RETAIN_SELF = YES;
				CLANG_WARN_OBJC_LITERAL_CONVERSION = YES;
				CLANG_WARN_OBJC_ROOT_CLASS = YES_ERROR;
				CLANG_WARN_QUOTED_INCLUDE_IN_FRAMEWORK_HEADER = YES;
				CLANG_WARN_RANGE_LOOP_ANALYSIS = YES;
				CLANG_WARN_STRICT_PROTOTYPES = YES;
				CLANG_WARN_SUSPICIOUS_MOVE = YES;
				CLANG_WARN_UNGUARDED_AVAILABILITY = YES_AGGRESSIVE;
				CLANG_WARN_UNREACHABLE_CODE = YES;
				CLANG_WARN__DUPLICATE_METHOD_MATCH = YES;
				COPY_PHASE_STRIP = NO;
				DEBUG_INFORMATION_FORMAT = dwarf;
				ENABLE_STRICT_OBJC_MSGSEND = YES;
				ENABLE_TESTABILITY = YES;
				GCC_C_LANGUAGE_STANDARD = gnu11;
				GCC_DYNAMIC_NO_PIC = NO;
				GCC_NO_COMMON_BLOCKS = YES;
				GCC_OPTIMIZATION_LEVEL = 0;
				GCC_PREPROCESSOR_DEFINITIONS = (
					"DEBUG=1",
					"$(inherited)",
				);
				GCC_WARN_64_TO_32_BIT_CONVERSION = YES;
				GCC_WARN_ABOUT_RETURN_TYPE = YES_ERROR;
				GCC_WARN_UNDECLARED_SELECTOR = YES;
				GCC_WARN_UNINITIALIZED_AUTOS = YES_AGGRESSIVE;
				GCC_WARN_UNUSED_FUNCTION = YES;
				GCC_WARN_UNUSED_VARIABLE = YES;
				IPHONEOS_DEPLOYMENT_TARGET = 14.4;
				MTL_ENABLE_DEBUG_INFO = INCLUDE_SOURCE;
				MTL_FAST_MATH = YES;
				ONLY_ACTIVE_ARCH = YES;
				SDKROOT = iphoneos;
				SWIFT_ACTIVE_COMPILATION_CONDITIONS = DEBUG;
				SWIFT_OPTIMIZATION_LEVEL = "-Onone";
			};
			name = Debug;
		};
		055679312600EA9D008DB455 /* Release */ = {
			isa = XCBuildConfiguration;
			buildSettings = {
				ALWAYS_SEARCH_USER_PATHS = NO;
				CLANG_ANALYZER_NONNULL = YES;
				CLANG_ANALYZER_NUMBER_OBJECT_CONVERSION = YES_AGGRESSIVE;
				CLANG_CXX_LANGUAGE_STANDARD = "gnu++14";
				CLANG_CXX_LIBRARY = "libc++";
				CLANG_ENABLE_MODULES = YES;
				CLANG_ENABLE_OBJC_ARC = YES;
				CLANG_ENABLE_OBJC_WEAK = YES;
				CLANG_WARN_BLOCK_CAPTURE_AUTORELEASING = YES;
				CLANG_WARN_BOOL_CONVERSION = YES;
				CLANG_WARN_COMMA = YES;
				CLANG_WARN_CONSTANT_CONVERSION = YES;
				CLANG_WARN_DEPRECATED_OBJC_IMPLEMENTATIONS = YES;
				CLANG_WARN_DIRECT_OBJC_ISA_USAGE = YES_ERROR;
				CLANG_WARN_DOCUMENTATION_COMMENTS = YES;
				CLANG_WARN_EMPTY_BODY = YES;
				CLANG_WARN_ENUM_CONVERSION = YES;
				CLANG_WARN_INFINITE_RECURSION = YES;
				CLANG_WARN_INT_CONVERSION = YES;
				CLANG_WARN_NON_LITERAL_NULL_CONVERSION = YES;
				CLANG_WARN_OBJC_IMPLICIT_RETAIN_SELF = YES;
				CLANG_WARN_OBJC_LITERAL_CONVERSION = YES;
				CLANG_WARN_OBJC_ROOT_CLASS = YES_ERROR;
				CLANG_WARN_QUOTED_INCLUDE_IN_FRAMEWORK_HEADER = YES;
				CLANG_WARN_RANGE_LOOP_ANALYSIS = YES;
				CLANG_WARN_STRICT_PROTOTYPES = YES;
				CLANG_WARN_SUSPICIOUS_MOVE = YES;
				CLANG_WARN_UNGUARDED_AVAILABILITY = YES_AGGRESSIVE;
				CLANG_WARN_UNREACHABLE_CODE = YES;
				CLANG_WARN__DUPLICATE_METHOD_MATCH = YES;
				COPY_PHASE_STRIP = NO;
				DEBUG_INFORMATION_FORMAT = "dwarf-with-dsym";
				ENABLE_NS_ASSERTIONS = NO;
				ENABLE_STRICT_OBJC_MSGSEND = YES;
				GCC_C_LANGUAGE_STANDARD = gnu11;
				GCC_NO_COMMON_BLOCKS = YES;
				GCC_WARN_64_TO_32_BIT_CONVERSION = YES;
				GCC_WARN_ABOUT_RETURN_TYPE = YES_ERROR;
				GCC_WARN_UNDECLARED_SELECTOR = YES;
				GCC_WARN_UNINITIALIZED_AUTOS = YES_AGGRESSIVE;
				GCC_WARN_UNUSED_FUNCTION = YES;
				GCC_WARN_UNUSED_VARIABLE = YES;
				IPHONEOS_DEPLOYMENT_TARGET = 14.4;
				MTL_ENABLE_DEBUG_INFO = NO;
				MTL_FAST_MATH = YES;
				SDKROOT = iphoneos;
				SWIFT_COMPILATION_MODE = wholemodule;
				SWIFT_OPTIMIZATION_LEVEL = "-O";
				VALIDATE_PRODUCT = YES;
			};
			name = Release;
		};
		055679332600EA9D008DB455 /* Debug */ = {
			isa = XCBuildConfiguration;
			baseConfigurationReference = E987A4F34E14368148337974 /* Pods-WeatherGift.debug.xcconfig */;
			buildSettings = {
				ASSETCATALOG_COMPILER_APPICON_NAME = AppIcon;
				ASSETCATALOG_COMPILER_GLOBAL_ACCENT_COLOR_NAME = AccentColor;
				CODE_SIGN_STYLE = Automatic;
				DEVELOPMENT_TEAM = 4X279QZXTM;
				INFOPLIST_FILE = WeatherGift/Info.plist;
				LD_RUNPATH_SEARCH_PATHS = (
					"$(inherited)",
					"@executable_path/Frameworks",
				);
				PRODUCT_BUNDLE_IDENTIFIER = com.schwartz.WeatherGift;
				PRODUCT_NAME = "$(TARGET_NAME)";
				SWIFT_VERSION = 5.0;
				TARGETED_DEVICE_FAMILY = "1,2";
			};
			name = Debug;
		};
		055679342600EA9D008DB455 /* Release */ = {
			isa = XCBuildConfiguration;
			baseConfigurationReference = 048A47DF87E16FD9F0F5B6B7 /* Pods-WeatherGift.release.xcconfig */;
			buildSettings = {
				ASSETCATALOG_COMPILER_APPICON_NAME = AppIcon;
				ASSETCATALOG_COMPILER_GLOBAL_ACCENT_COLOR_NAME = AccentColor;
				CODE_SIGN_STYLE = Automatic;
				DEVELOPMENT_TEAM = 4X279QZXTM;
				INFOPLIST_FILE = WeatherGift/Info.plist;
				LD_RUNPATH_SEARCH_PATHS = (
					"$(inherited)",
					"@executable_path/Frameworks",
				);
				PRODUCT_BUNDLE_IDENTIFIER = com.schwartz.WeatherGift;
				PRODUCT_NAME = "$(TARGET_NAME)";
				SWIFT_VERSION = 5.0;
				TARGETED_DEVICE_FAMILY = "1,2";
			};
			name = Release;
		};
/* End XCBuildConfiguration section */

/* Begin XCConfigurationList section */
		055679192600EA9A008DB455 /* Build configuration list for PBXProject "WeatherGift" */ = {
			isa = XCConfigurationList;
			buildConfigurations = (
				055679302600EA9D008DB455 /* Debug */,
				055679312600EA9D008DB455 /* Release */,
			);
			defaultConfigurationIsVisible = 0;
			defaultConfigurationName = Release;
		};
		055679322600EA9D008DB455 /* Build configuration list for PBXNativeTarget "WeatherGift" */ = {
			isa = XCConfigurationList;
			buildConfigurations = (
				055679332600EA9D008DB455 /* Debug */,
				055679342600EA9D008DB455 /* Release */,
			);
			defaultConfigurationIsVisible = 0;
			defaultConfigurationName = Release;
		};
/* End XCConfigurationList section */
	};
	rootObject = 055679162600EA9A008DB455 /* Project object */;
}
